
Microsoft Visual Studio Solution File, Format Version 11.00
# Visual Studio 2010
Project("{FAE04EC0-301F-11D3-BF4B-00C04F79EFBC}") = "DreamPlace", "Assembly-CSharp-firstpass.csproj", "{5FAE5C30-7B26-850D-9B05-39F71B2EC630}"
EndProject
Project("{FAE04EC0-301F-11D3-BF4B-00C04F79EFBC}") = "DreamPlace", "Assembly-CSharp.csproj", "{DE4F2921-2206-9C36-9A4F-CD70BB3E75E9}"
EndProject
Project("{FAE04EC0-301F-11D3-BF4B-00C04F79EFBC}") = "DreamPlace", "Assembly-CSharp-Editor-firstpass.csproj", "{B4B05743-0764-4B7B-FF70-6DC201659E51}"
EndProject
Global
	GlobalSection(SolutionConfigurationPlatforms) = preSolution
		Debug|Any CPU = Debug|Any CPU
		Release|Any CPU = Release|Any CPU
	EndGlobalSection
	GlobalSection(ProjectConfigurationPlatforms) = postSolution
		{5FAE5C30-7B26-850D-9B05-39F71B2EC630}.Debug|Any CPU.ActiveCfg = Debug|Any CPU
		{5FAE5C30-7B26-850D-9B05-39F71B2EC630}.Debug|Any CPU.Build.0 = Debug|Any CPU
		{5FAE5C30-7B26-850D-9B05-39F71B2EC630}.Release|Any CPU.ActiveCfg = Release|Any CPU
		{5FAE5C30-7B26-850D-9B05-39F71B2EC630}.Release|Any CPU.Build.0 = Release|Any CPU
		{DE4F2921-2206-9C36-9A4F-CD70BB3E75E9}.Debug|Any CPU.ActiveCfg = Debug|Any CPU
		{DE4F2921-2206-9C36-9A4F-CD70BB3E75E9}.Debug|Any CPU.Build.0 = Debug|Any CPU
		{DE4F2921-2206-9C36-9A4F-CD70BB3E75E9}.Release|Any CPU.ActiveCfg = Release|Any CPU
		{DE4F2921-2206-9C36-9A4F-CD70BB3E75E9}.Release|Any CPU.Build.0 = Release|Any CPU
		{B4B05743-0764-4B7B-FF70-6DC201659E51}.Debug|Any CPU.ActiveCfg = Debug|Any CPU
		{B4B05743-0764-4B7B-FF70-6DC201659E51}.Debug|Any CPU.Build.0 = Debug|Any CPU
		{B4B05743-0764-4B7B-FF70-6DC201659E51}.Release|Any CPU.ActiveCfg = Release|Any CPU
		{B4B05743-0764-4B7B-FF70-6DC201659E51}.Release|Any CPU.Build.0 = Release|Any CPU
	EndGlobalSection
	GlobalSection(SolutionProperties) = preSolution
		HideSolutionNode = FALSE
	EndGlobalSection
	GlobalSection(MonoDevelopProperties) = preSolution
		StartupItem = Assembly-CSharp.csproj
	EndGlobalSection
EndGlobal
